
Microsoft Visual Studio Solution File, Format Version 12.00
# Visual Studio Version 17
VisualStudioVersion = 17.3.32825.248
MinimumVisualStudioVersion = 10.0.40219.1
Project("{FAE04EC0-301F-11D3-BF4B-00C04F79EFBC}") = "Student", "Student\Student.csproj", "{0626213C-0F4F-45D5-B147-839B5E44E5CD}"
EndProject
Project("{FAE04EC0-301F-11D3-BF4B-00C04F79EFBC}") = "StudentTest", "StudentTest\StudentTest.csproj", "{4B502C59-99C8-483F-99DA-FAF32946BAD8}"
EndProject
Global
	GlobalSection(SolutionConfigurationPlatforms) = preSolution
		Debug|Any CPU = Debug|Any CPU
		Release|Any CPU = Release|Any CPU
	EndGlobalSection
	GlobalSection(ProjectConfigurationPlatforms) = postSolution
		{0626213C-0F4F-45D5-B147-839B5E44E5CD}.Debug|Any CPU.ActiveCfg = Debug|Any CPU
		{0626213C-0F4F-45D5-B147-839B5E44E5CD}.Debug|Any CPU.Build.0 = Debug|Any CPU
		{0626213C-0F4F-45D5-B147-839B5E44E5CD}.Release|Any CPU.ActiveCfg = Release|Any CPU
		{0626213C-0F4F-45D5-B147-839B5E44E5CD}.Release|Any CPU.Build.0 = Release|Any CPU
		{4B502C59-99C8-483F-99DA-FAF32946BAD8}.Debug|Any CPU.ActiveCfg = Debug|Any CPU
		{4B502C59-99C8-483F-99DA-FAF32946BAD8}.Debug|Any CPU.Build.0 = Debug|Any CPU
		{4B502C59-99C8-483F-99DA-FAF32946BAD8}.Release|Any CPU.ActiveCfg = Release|Any CPU
		{4B502C59-99C8-483F-99DA-FAF32946BAD8}.Release|Any CPU.Build.0 = Release|Any CPU
	EndGlobalSection
	GlobalSection(SolutionProperties) = preSolution
		HideSolutionNode = FALSE
	EndGlobalSection
	GlobalSection(ExtensibilityGlobals) = postSolution
		SolutionGuid = {3A5BCFD8-6212-460F-86C5-3A36F3279141}
	EndGlobalSection
EndGlobal
